
Microsoft Visual Studio Solution File, Format Version 12.00
# Visual Studio Version 17
VisualStudioVersion = 17.7.34031.279
MinimumVisualStudioVersion = 10.0.40219.1
Project("{FAE04EC0-301F-11D3-BF4B-00C04F79EFBC}") = "TaskManagerApp", "TaskManagerApp\TaskManagerApp.csproj", "{D64C16F0-9761-40DF-A5A8-C868C9561F29}"
EndProject
Global
	GlobalSection(SolutionConfigurationPlatforms) = preSolution
		Debug|Any CPU = Debug|Any CPU
		Release|Any CPU = Release|Any CPU
	EndGlobalSection
	GlobalSection(ProjectConfigurationPlatforms) = postSolution
		{D64C16F0-9761-40DF-A5A8-C868C9561F29}.Debug|Any CPU.ActiveCfg = Debug|Any CPU
		{D64C16F0-9761-40DF-A5A8-C868C9561F29}.Debug|Any CPU.Build.0 = Debug|Any CPU
		{D64C16F0-9761-40DF-A5A8-C868C9561F29}.Release|Any CPU.ActiveCfg = Release|Any CPU
		{D64C16F0-9761-40DF-A5A8-C868C9561F29}.Release|Any CPU.Build.0 = Release|Any CPU
	EndGlobalSection
	GlobalSection(SolutionProperties) = preSolution
		HideSolutionNode = FALSE
	EndGlobalSection
	GlobalSection(ExtensibilityGlobals) = postSolution
		SolutionGuid = {79418F66-2B86-4865-A162-1822CF9BA9B7}
	EndGlobalSection
EndGlobal
